
Microsoft Visual Studio Solution File, Format Version 12.00
# Visual Studio Version 17
VisualStudioVersion = 17.10.35013.160
MinimumVisualStudioVersion = 10.0.40219.1
Project("{FAE04EC0-301F-11D3-BF4B-00C04F79EFBC}") = "Application", "Application\Application.csproj", "{EA0CEC3F-E776-4107-AA08-D6E730EDD690}"
EndProject
Project("{FAE04EC0-301F-11D3-BF4B-00C04F79EFBC}") = "Data", "Data\Data.csproj", "{478FD976-665C-4EE3-A99D-B43D79DB3360}"
EndProject
Global
	GlobalSection(SolutionConfigurationPlatforms) = preSolution
		Debug|Any CPU = Debug|Any CPU
		Release|Any CPU = Release|Any CPU
	EndGlobalSection
	GlobalSection(ProjectConfigurationPlatforms) = postSolution
		{EA0CEC3F-E776-4107-AA08-D6E730EDD690}.Debug|Any CPU.ActiveCfg = Debug|Any CPU
		{EA0CEC3F-E776-4107-AA08-D6E730EDD690}.Debug|Any CPU.Build.0 = Debug|Any CPU
		{EA0CEC3F-E776-4107-AA08-D6E730EDD690}.Release|Any CPU.ActiveCfg = Release|Any CPU
		{EA0CEC3F-E776-4107-AA08-D6E730EDD690}.Release|Any CPU.Build.0 = Release|Any CPU
		{478FD976-665C-4EE3-A99D-B43D79DB3360}.Debug|Any CPU.ActiveCfg = Debug|Any CPU
		{478FD976-665C-4EE3-A99D-B43D79DB3360}.Debug|Any CPU.Build.0 = Debug|Any CPU
		{478FD976-665C-4EE3-A99D-B43D79DB3360}.Release|Any CPU.ActiveCfg = Release|Any CPU
		{478FD976-665C-4EE3-A99D-B43D79DB3360}.Release|Any CPU.Build.0 = Release|Any CPU
	EndGlobalSection
	GlobalSection(SolutionProperties) = preSolution
		HideSolutionNode = FALSE
	EndGlobalSection
	GlobalSection(ExtensibilityGlobals) = postSolution
		SolutionGuid = {EAD1D314-1B46-4250-88EA-2DC04A34C073}
	EndGlobalSection
EndGlobal
